
Microsoft Visual Studio Solution File, Format Version 12.00
# Visual Studio Version 16
VisualStudioVersion = 16.0.29905.134
MinimumVisualStudioVersion = 10.0.40219.1
Project("{FAE04EC0-301F-11D3-BF4B-00C04F79EFBC}") = "Ch8Ex6RandomNumberArraySearch", "Ch8Ex6RandomNumberArraySearch.csproj", "{DD2A3C30-CBF8-4D03-B389-FAA59C493987}"
EndProject
Global
	GlobalSection(SolutionConfigurationPlatforms) = preSolution
		Debug|Any CPU = Debug|Any CPU
		Release|Any CPU = Release|Any CPU
	EndGlobalSection
	GlobalSection(ProjectConfigurationPlatforms) = postSolution
		{DD2A3C30-CBF8-4D03-B389-FAA59C493987}.Debug|Any CPU.ActiveCfg = Debug|Any CPU
		{DD2A3C30-CBF8-4D03-B389-FAA59C493987}.Debug|Any CPU.Build.0 = Debug|Any CPU
		{DD2A3C30-CBF8-4D03-B389-FAA59C493987}.Release|Any CPU.ActiveCfg = Release|Any CPU
		{DD2A3C30-CBF8-4D03-B389-FAA59C493987}.Release|Any CPU.Build.0 = Release|Any CPU
	EndGlobalSection
	GlobalSection(SolutionProperties) = preSolution
		HideSolutionNode = FALSE
	EndGlobalSection
	GlobalSection(ExtensibilityGlobals) = postSolution
		SolutionGuid = {B1BF5FA1-EBF2-4C22-8C20-4982D6AD3252}
	EndGlobalSection
EndGlobal
